
Microsoft Visual Studio Solution File, Format Version 12.00
# Visual Studio Version 17
VisualStudioVersion = 17.11.35208.52
MinimumVisualStudioVersion = 10.0.40219.1
Project("{FAE04EC0-301F-11D3-BF4B-00C04F79EFBC}") = "08-26-2024_BackendWebDev-In-Class-API", "08-26-2024_BackendWebDev-In-Class-API\08-26-2024_BackendWebDev-In-Class-API.csproj", "{1C89F18E-ABA0-4737-B6DD-446A322A5C43}"
EndProject
Global
	GlobalSection(SolutionConfigurationPlatforms) = preSolution
		Debug|Any CPU = Debug|Any CPU
		Release|Any CPU = Release|Any CPU
	EndGlobalSection
	GlobalSection(ProjectConfigurationPlatforms) = postSolution
		{1C89F18E-ABA0-4737-B6DD-446A322A5C43}.Debug|Any CPU.ActiveCfg = Debug|Any CPU
		{1C89F18E-ABA0-4737-B6DD-446A322A5C43}.Debug|Any CPU.Build.0 = Debug|Any CPU
		{1C89F18E-ABA0-4737-B6DD-446A322A5C43}.Release|Any CPU.ActiveCfg = Release|Any CPU
		{1C89F18E-ABA0-4737-B6DD-446A322A5C43}.Release|Any CPU.Build.0 = Release|Any CPU
	EndGlobalSection
	GlobalSection(SolutionProperties) = preSolution
		HideSolutionNode = FALSE
	EndGlobalSection
	GlobalSection(ExtensibilityGlobals) = postSolution
		SolutionGuid = {FA216EDB-7D60-4510-BB5B-6323E50AED70}
	EndGlobalSection
EndGlobal
